
Microsoft Visual Studio Solution File, Format Version 12.00
# Visual Studio 15
VisualStudioVersion = 15.0.28307.572
MinimumVisualStudioVersion = 10.0.40219.1
Project("{FAE04EC0-301F-11D3-BF4B-00C04F79EFBC}") = "DoHoaMayTinh", "DoHoaMayTinh\DoHoaMayTinh.csproj", "{BA6A8822-E287-46D8-91F6-5221A229362E}"
EndProject
Global
	GlobalSection(SolutionConfigurationPlatforms) = preSolution
		Debug|Any CPU = Debug|Any CPU
		Release|Any CPU = Release|Any CPU
	EndGlobalSection
	GlobalSection(ProjectConfigurationPlatforms) = postSolution
		{BA6A8822-E287-46D8-91F6-5221A229362E}.Debug|Any CPU.ActiveCfg = Debug|Any CPU
		{BA6A8822-E287-46D8-91F6-5221A229362E}.Debug|Any CPU.Build.0 = Debug|Any CPU
		{BA6A8822-E287-46D8-91F6-5221A229362E}.Release|Any CPU.ActiveCfg = Release|Any CPU
		{BA6A8822-E287-46D8-91F6-5221A229362E}.Release|Any CPU.Build.0 = Release|Any CPU
	EndGlobalSection
	GlobalSection(SolutionProperties) = preSolution
		HideSolutionNode = FALSE
	EndGlobalSection
	GlobalSection(ExtensibilityGlobals) = postSolution
		SolutionGuid = {4CADBBB7-B683-400F-A67F-46A4CF6AC91B}
	EndGlobalSection
EndGlobal
